
Microsoft Visual Studio Solution File, Format Version 12.00
# Visual Studio Version 17
VisualStudioVersion = 17.10.34916.146
MinimumVisualStudioVersion = 10.0.40219.1
Project("{9A19103F-16F7-4668-BE54-9A1E7A4F7556}") = "Exercise-14-00-004", "Exercise-14-00-004\Exercise-14-00-004.csproj", "{66EB6F4D-82F9-43BE-8AFA-A772A8798F19}"
EndProject
Project("{2150E333-8FDC-42A3-9474-1A3956D46DE8}") = "Unit-0", "Unit-0", "{FB3EB539-DAA2-46DE-AFAA-55F9D669C5BF}"
EndProject
Project("{9A19103F-16F7-4668-BE54-9A1E7A4F7556}") = "Exercise-13-00-OrderBy", "Exercise-13-00-OrderBy\Exercise-13-00-OrderBy.csproj", "{8DBF4190-9E4E-4179-AA2A-A5336E8D7343}"
EndProject
Project("{9A19103F-16F7-4668-BE54-9A1E7A4F7556}") = "Exercise-14-00-008", "Exercise-14-00-008\Exercise-14-00-008.csproj", "{9A6FE31E-6938-4157-8B57-E324F696F100}"
EndProject
Project("{2150E333-8FDC-42A3-9474-1A3956D46DE8}") = "Unit-1", "Unit-1", "{F39908C4-0AB2-445E-9890-E7C014555EE3}"
EndProject
Project("{9A19103F-16F7-4668-BE54-9A1E7A4F7556}") = "Exercise-14-01-001", "Exercise-14-01-001\Exercise-14-01-001.csproj", "{DE375359-4154-4A5D-AF5E-888AB435D821}"
EndProject
Project("{9A19103F-16F7-4668-BE54-9A1E7A4F7556}") = "Exercise-14-01-002", "Exercise-14-01-002\Exercise-14-01-002.csproj", "{DAF62C0C-F432-4393-933B-29100096F55D}"
EndProject
Project("{9A19103F-16F7-4668-BE54-9A1E7A4F7556}") = "Exercise-14-01-01", "Exercise-14-01-01\Exercise-14-01-01.csproj", "{8EB17516-7664-42A5-887C-7FF47B18A110}"
EndProject
Project("{9A19103F-16F7-4668-BE54-9A1E7A4F7556}") = "Exercise-14-01-01-01", "Exercise-14-01-01-01\Exercise-14-01-01-01.csproj", "{F9537B16-A940-4E64-A084-A05782D2BECD}"
EndProject
Project("{9A19103F-16F7-4668-BE54-9A1E7A4F7556}") = "Exercise-14-01-02", "Exercise-14-01-02\Exercise-14-01-02.csproj", "{BC1797FC-F894-4CA0-9963-60B2BE5F7385}"
EndProject
Project("{9A19103F-16F7-4668-BE54-9A1E7A4F7556}") = "Exercise-14-01-05", "Exercise-14-01-05\Exercise-14-01-05.csproj", "{15F79E20-B87B-47C8-BA6A-1A77BE89EC85}"
EndProject
Project("{9A19103F-16F7-4668-BE54-9A1E7A4F7556}") = "Exercise-14-01-06", "Exercise-14-01-06\Exercise-14-01-06.csproj", "{6A066F1A-9CC2-482F-B085-E0E471679324}"
EndProject
Project("{9A19103F-16F7-4668-BE54-9A1E7A4F7556}") = "Exercise-14-01-06-01", "Exercise-14-01-06-01\Exercise-14-01-06-01.csproj", "{01EF3978-4B89-4ED2-A8E4-633D47239282}"
EndProject
Project("{2150E333-8FDC-42A3-9474-1A3956D46DE8}") = "Unit-2", "Unit-2", "{34AA137E-6F33-42B3-BAE0-AFB0C0437CD7}"
EndProject
Project("{FAE04EC0-301F-11D3-BF4B-00C04F79EFBC}") = "Exercise-14-02-01", "Exercise-14-02-01\Exercise-14-02-01.csproj", "{B9596215-8C5F-4BA3-A0B7-8E38AE94AC4A}"
EndProject
Global
	GlobalSection(SolutionConfigurationPlatforms) = preSolution
		Debug|Any CPU = Debug|Any CPU
		Release|Any CPU = Release|Any CPU
	EndGlobalSection
	GlobalSection(ProjectConfigurationPlatforms) = postSolution
		{66EB6F4D-82F9-43BE-8AFA-A772A8798F19}.Debug|Any CPU.ActiveCfg = Debug|Any CPU
		{66EB6F4D-82F9-43BE-8AFA-A772A8798F19}.Debug|Any CPU.Build.0 = Debug|Any CPU
		{66EB6F4D-82F9-43BE-8AFA-A772A8798F19}.Release|Any CPU.ActiveCfg = Release|Any CPU
		{66EB6F4D-82F9-43BE-8AFA-A772A8798F19}.Release|Any CPU.Build.0 = Release|Any CPU
		{8DBF4190-9E4E-4179-AA2A-A5336E8D7343}.Debug|Any CPU.ActiveCfg = Debug|Any CPU
		{8DBF4190-9E4E-4179-AA2A-A5336E8D7343}.Debug|Any CPU.Build.0 = Debug|Any CPU
		{8DBF4190-9E4E-4179-AA2A-A5336E8D7343}.Release|Any CPU.ActiveCfg = Release|Any CPU
		{8DBF4190-9E4E-4179-AA2A-A5336E8D7343}.Release|Any CPU.Build.0 = Release|Any CPU
		{9A6FE31E-6938-4157-8B57-E324F696F100}.Debug|Any CPU.ActiveCfg = Debug|Any CPU
		{9A6FE31E-6938-4157-8B57-E324F696F100}.Debug|Any CPU.Build.0 = Debug|Any CPU
		{9A6FE31E-6938-4157-8B57-E324F696F100}.Release|Any CPU.ActiveCfg = Release|Any CPU
		{9A6FE31E-6938-4157-8B57-E324F696F100}.Release|Any CPU.Build.0 = Release|Any CPU
		{DE375359-4154-4A5D-AF5E-888AB435D821}.Debug|Any CPU.ActiveCfg = Debug|Any CPU
		{DE375359-4154-4A5D-AF5E-888AB435D821}.Debug|Any CPU.Build.0 = Debug|Any CPU
		{DE375359-4154-4A5D-AF5E-888AB435D821}.Release|Any CPU.ActiveCfg = Release|Any CPU
		{DE375359-4154-4A5D-AF5E-888AB435D821}.Release|Any CPU.Build.0 = Release|Any CPU
		{DAF62C0C-F432-4393-933B-29100096F55D}.Debug|Any CPU.ActiveCfg = Debug|Any CPU
		{DAF62C0C-F432-4393-933B-29100096F55D}.Debug|Any CPU.Build.0 = Debug|Any CPU
		{DAF62C0C-F432-4393-933B-29100096F55D}.Release|Any CPU.ActiveCfg = Release|Any CPU
		{DAF62C0C-F432-4393-933B-29100096F55D}.Release|Any CPU.Build.0 = Release|Any CPU
		{8EB17516-7664-42A5-887C-7FF47B18A110}.Debug|Any CPU.ActiveCfg = Debug|Any CPU
		{8EB17516-7664-42A5-887C-7FF47B18A110}.Debug|Any CPU.Build.0 = Debug|Any CPU
		{8EB17516-7664-42A5-887C-7FF47B18A110}.Release|Any CPU.ActiveCfg = Release|Any CPU
		{8EB17516-7664-42A5-887C-7FF47B18A110}.Release|Any CPU.Build.0 = Release|Any CPU
		{F9537B16-A940-4E64-A084-A05782D2BECD}.Debug|Any CPU.ActiveCfg = Debug|Any CPU
		{F9537B16-A940-4E64-A084-A05782D2BECD}.Debug|Any CPU.Build.0 = Debug|Any CPU
		{F9537B16-A940-4E64-A084-A05782D2BECD}.Release|Any CPU.ActiveCfg = Release|Any CPU
		{F9537B16-A940-4E64-A084-A05782D2BECD}.Release|Any CPU.Build.0 = Release|Any CPU
		{BC1797FC-F894-4CA0-9963-60B2BE5F7385}.Debug|Any CPU.ActiveCfg = Debug|Any CPU
		{BC1797FC-F894-4CA0-9963-60B2BE5F7385}.Debug|Any CPU.Build.0 = Debug|Any CPU
		{BC1797FC-F894-4CA0-9963-60B2BE5F7385}.Release|Any CPU.ActiveCfg = Release|Any CPU
		{BC1797FC-F894-4CA0-9963-60B2BE5F7385}.Release|Any CPU.Build.0 = Release|Any CPU
		{15F79E20-B87B-47C8-BA6A-1A77BE89EC85}.Debug|Any CPU.ActiveCfg = Debug|Any CPU
		{15F79E20-B87B-47C8-BA6A-1A77BE89EC85}.Debug|Any CPU.Build.0 = Debug|Any CPU
		{15F79E20-B87B-47C8-BA6A-1A77BE89EC85}.Release|Any CPU.ActiveCfg = Release|Any CPU
		{15F79E20-B87B-47C8-BA6A-1A77BE89EC85}.Release|Any CPU.Build.0 = Release|Any CPU
		{6A066F1A-9CC2-482F-B085-E0E471679324}.Debug|Any CPU.ActiveCfg = Debug|Any CPU
		{6A066F1A-9CC2-482F-B085-E0E471679324}.Debug|Any CPU.Build.0 = Debug|Any CPU
		{6A066F1A-9CC2-482F-B085-E0E471679324}.Release|Any CPU.ActiveCfg = Release|Any CPU
		{6A066F1A-9CC2-482F-B085-E0E471679324}.Release|Any CPU.Build.0 = Release|Any CPU
		{01EF3978-4B89-4ED2-A8E4-633D47239282}.Debug|Any CPU.ActiveCfg = Debug|Any CPU
		{01EF3978-4B89-4ED2-A8E4-633D47239282}.Debug|Any CPU.Build.0 = Debug|Any CPU
		{01EF3978-4B89-4ED2-A8E4-633D47239282}.Release|Any CPU.ActiveCfg = Release|Any CPU
		{01EF3978-4B89-4ED2-A8E4-633D47239282}.Release|Any CPU.Build.0 = Release|Any CPU
		{B9596215-8C5F-4BA3-A0B7-8E38AE94AC4A}.Debug|Any CPU.ActiveCfg = Debug|Any CPU
		{B9596215-8C5F-4BA3-A0B7-8E38AE94AC4A}.Debug|Any CPU.Build.0 = Debug|Any CPU
		{B9596215-8C5F-4BA3-A0B7-8E38AE94AC4A}.Release|Any CPU.ActiveCfg = Release|Any CPU
		{B9596215-8C5F-4BA3-A0B7-8E38AE94AC4A}.Release|Any CPU.Build.0 = Release|Any CPU
	EndGlobalSection
	GlobalSection(SolutionProperties) = preSolution
		HideSolutionNode = FALSE
	EndGlobalSection
	GlobalSection(NestedProjects) = preSolution
		{66EB6F4D-82F9-43BE-8AFA-A772A8798F19} = {FB3EB539-DAA2-46DE-AFAA-55F9D669C5BF}
		{8DBF4190-9E4E-4179-AA2A-A5336E8D7343} = {FB3EB539-DAA2-46DE-AFAA-55F9D669C5BF}
		{9A6FE31E-6938-4157-8B57-E324F696F100} = {FB3EB539-DAA2-46DE-AFAA-55F9D669C5BF}
		{DE375359-4154-4A5D-AF5E-888AB435D821} = {F39908C4-0AB2-445E-9890-E7C014555EE3}
		{DAF62C0C-F432-4393-933B-29100096F55D} = {F39908C4-0AB2-445E-9890-E7C014555EE3}
		{8EB17516-7664-42A5-887C-7FF47B18A110} = {F39908C4-0AB2-445E-9890-E7C014555EE3}
		{F9537B16-A940-4E64-A084-A05782D2BECD} = {F39908C4-0AB2-445E-9890-E7C014555EE3}
		{BC1797FC-F894-4CA0-9963-60B2BE5F7385} = {F39908C4-0AB2-445E-9890-E7C014555EE3}
		{15F79E20-B87B-47C8-BA6A-1A77BE89EC85} = {F39908C4-0AB2-445E-9890-E7C014555EE3}
		{6A066F1A-9CC2-482F-B085-E0E471679324} = {F39908C4-0AB2-445E-9890-E7C014555EE3}
		{01EF3978-4B89-4ED2-A8E4-633D47239282} = {F39908C4-0AB2-445E-9890-E7C014555EE3}
		{B9596215-8C5F-4BA3-A0B7-8E38AE94AC4A} = {34AA137E-6F33-42B3-BAE0-AFB0C0437CD7}
	EndGlobalSection
	GlobalSection(ExtensibilityGlobals) = postSolution
		SolutionGuid = {2F8E8363-CCA9-420A-871A-BFF4783C54EF}
	EndGlobalSection
EndGlobal
